// !$*UTF8*$!
{
	archiveVersion = 1;
	classes = {
	};
	objectVersion = 55;
	objects = {

/* Begin PBXBuildFile section */
		699EBA412AA5D12E00686D08 /* AppDelegate.swift in Sources */ = {isa = PBXBuildFile; fileRef = 699EBA402AA5D12E00686D08 /* AppDelegate.swift */; };
		699EBA432AA5D12E00686D08 /* SceneDelegate.swift in Sources */ = {isa = PBXBuildFile; fileRef = 699EBA422AA5D12E00686D08 /* SceneDelegate.swift */; };
		699EBA452AA5D12E00686D08 /* ViewController.swift in Sources */ = {isa = PBXBuildFile; fileRef = 699EBA442AA5D12E00686D08 /* ViewController.swift */; };
		699EBA482AA5D12E00686D08 /* Main.storyboard in Resources */ = {isa = PBXBuildFile; fileRef = 699EBA462AA5D12E00686D08 /* Main.storyboard */; };
		699EBA4A2AA5D13100686D08 /* Assets.xcassets in Resources */ = {isa = PBXBuildFile; fileRef = 699EBA492AA5D13100686D08 /* Assets.xcassets */; };
		699EBA4D2AA5D13100686D08 /* LaunchScreen.storyboard in Resources */ = {isa = PBXBuildFile; fileRef = 699EBA4B2AA5D13100686D08 /* LaunchScreen.storyboard */; };
		699EBA572AA5D42000686D08 /* GoogleService-Info.plist in Resources */ = {isa = PBXBuildFile; fileRef = 699EBA562AA5D42000686D08 /* GoogleService-Info.plist */; };
		699EBA592AA5ECE800686D08 /* FeedViewController.swift in Sources */ = {isa = PBXBuildFile; fileRef = 699EBA582AA5ECE800686D08 /* FeedViewController.swift */; };
		699EBA5B2AA5ED1000686D08 /* UploadViewController.swift in Sources */ = {isa = PBXBuildFile; fileRef = 699EBA5A2AA5ED1000686D08 /* UploadViewController.swift */; };
		699EBA5D2AA5ED3C00686D08 /* SettingsViewController.swift in Sources */ = {isa = PBXBuildFile; fileRef = 699EBA5C2AA5ED3C00686D08 /* SettingsViewController.swift */; };
		C5C21CF8DAC48F7119C212F8 /* Pods_FirebaseInstagramClone.framework in Frameworks */ = {isa = PBXBuildFile; fileRef = 3D03C8FC67E7375482CAB476 /* Pods_FirebaseInstagramClone.framework */; };
/* End PBXBuildFile section */

/* Begin PBXFileReference section */
		3D03C8FC67E7375482CAB476 /* Pods_FirebaseInstagramClone.framework */ = {isa = PBXFileReference; explicitFileType = wrapper.framework; includeInIndex = 0; path = Pods_FirebaseInstagramClone.framework; sourceTree = BUILT_PRODUCTS_DIR; };
		699EBA3D2AA5D12E00686D08 /* FirebaseInstagramClone.app */ = {isa = PBXFileReference; explicitFileType = wrapper.application; includeInIndex = 0; path = FirebaseInstagramClone.app; sourceTree = BUILT_PRODUCTS_DIR; };
		699EBA402AA5D12E00686D08 /* AppDelegate.swift */ = {isa = PBXFileReference; lastKnownFileType = sourcecode.swift; path = AppDelegate.swift; sourceTree = "<group>"; };
		699EBA422AA5D12E00686D08 /* SceneDelegate.swift */ = {isa = PBXFileReference; lastKnownFileType = sourcecode.swift; path = SceneDelegate.swift; sourceTree = "<group>"; };
		699EBA442AA5D12E00686D08 /* ViewController.swift */ = {isa = PBXFileReference; lastKnownFileType = sourcecode.swift; path = ViewController.swift; sourceTree = "<group>"; };
		699EBA472AA5D12E00686D08 /* Base */ = {isa = PBXFileReference; lastKnownFileType = file.storyboard; name = Base; path = Base.lproj/Main.storyboard; sourceTree = "<group>"; };
		699EBA492AA5D13100686D08 /* Assets.xcassets */ = {isa = PBXFileReference; lastKnownFileType = folder.assetcatalog; path = Assets.xcassets; sourceTree = "<group>"; };
		699EBA4C2AA5D13100686D08 /* Base */ = {isa = PBXFileReference; lastKnownFileType = file.storyboard; name = Base; path = Base.lproj/LaunchScreen.storyboard; sourceTree = "<group>"; };
		699EBA4E2AA5D13100686D08 /* Info.plist */ = {isa = PBXFileReference; lastKnownFileType = text.plist.xml; path = Info.plist; sourceTree = "<group>"; };
		699EBA562AA5D42000686D08 /* GoogleService-Info.plist */ = {isa = PBXFileReference; fileEncoding = 4; lastKnownFileType = text.plist.xml; path = "GoogleService-Info.plist"; sourceTree = "<group>"; };
		699EBA582AA5ECE800686D08 /* FeedViewController.swift */ = {isa = PBXFileReference; lastKnownFileType = sourcecode.swift; path = FeedViewController.swift; sourceTree = "<group>"; };
		699EBA5A2AA5ED1000686D08 /* UploadViewController.swift */ = {isa = PBXFileReference; lastKnownFileType = sourcecode.swift; path = UploadViewController.swift; sourceTree = "<group>"; };
		699EBA5C2AA5ED3C00686D08 /* SettingsViewController.swift */ = {isa = PBXFileReference; lastKnownFileType = sourcecode.swift; path = SettingsViewController.swift; sourceTree = "<group>"; };
		7E6C01F8E672C2672E43996C /* Pods-FirebaseInstagramClone.debug.xcconfig */ = {isa = PBXFileReference; includeInIndex = 1; lastKnownFileType = text.xcconfig; name = "Pods-FirebaseInstagramClone.debug.xcconfig"; path = "Target Support Files/Pods-FirebaseInstagramClone/Pods-FirebaseInstagramClone.debug.xcconfig"; sourceTree = "<group>"; };
		81570931BF3541BD4ECBD168 /* Pods-FirebaseInstagramClone.release.xcconfig */ = {isa = PBXFileReference; includeInIndex = 1; lastKnownFileType = text.xcconfig; name = "Pods-FirebaseInstagramClone.release.xcconfig"; path = "Target Support Files/Pods-FirebaseInstagramClone/Pods-FirebaseInstagramClone.release.xcconfig"; sourceTree = "<group>"; };
/* End PBXFileReference section */

/* Begin PBXFrameworksBuildPhase section */
		699EBA3A2AA5D12E00686D08 /* Frameworks */ = {
			isa = PBXFrameworksBuildPhase;
			buildActionMask = 2147483647;
			files = (
				C5C21CF8DAC48F7119C212F8 /* Pods_FirebaseInstagramClone.framework in Frameworks */,
			);
			runOnlyForDeploymentPostprocessing = 0;
		};
/* End PBXFrameworksBuildPhase section */

/* Begin PBXGroup section */
		699EBA342AA5D12E00686D08 = {
			isa = PBXGroup;
			children = (
				699EBA3F2AA5D12E00686D08 /* FirebaseInstagramClone */,
				699EBA3E2AA5D12E00686D08 /* Products */,
				ED2F8F4F75A8DF7530C84AE7 /* Pods */,
				9EB6F0699A3ED6DA0BD1C523 /* Frameworks */,
			);
			sourceTree = "<group>";
		};
		699EBA3E2AA5D12E00686D08 /* Products */ = {
			isa = PBXGroup;
			children = (
				699EBA3D2AA5D12E00686D08 /* FirebaseInstagramClone.app */,
			);
			name = Products;
			sourceTree = "<group>";
		};
		699EBA3F2AA5D12E00686D08 /* FirebaseInstagramClone */ = {
			isa = PBXGroup;
			children = (
				699EBA402AA5D12E00686D08 /* AppDelegate.swift */,
				699EBA422AA5D12E00686D08 /* SceneDelegate.swift */,
				699EBA442AA5D12E00686D08 /* ViewController.swift */,
				699EBA582AA5ECE800686D08 /* FeedViewController.swift */,
				699EBA5C2AA5ED3C00686D08 /* SettingsViewController.swift */,
				699EBA5A2AA5ED1000686D08 /* UploadViewController.swift */,
				699EBA462AA5D12E00686D08 /* Main.storyboard */,
				699EBA492AA5D13100686D08 /* Assets.xcassets */,
				699EBA4B2AA5D13100686D08 /* LaunchScreen.storyboard */,
				699EBA4E2AA5D13100686D08 /* Info.plist */,
				699EBA562AA5D42000686D08 /* GoogleService-Info.plist */,
			);
			path = FirebaseInstagramClone;
			sourceTree = "<group>";
		};
		9EB6F0699A3ED6DA0BD1C523 /* Frameworks */ = {
			isa = PBXGroup;
			children = (
				3D03C8FC67E7375482CAB476 /* Pods_FirebaseInstagramClone.framework */,
			);
			name = Frameworks;
			sourceTree = "<group>";
		};
		ED2F8F4F75A8DF7530C84AE7 /* Pods */ = {
			isa = PBXGroup;
			children = (
				7E6C01F8E672C2672E43996C /* Pods-FirebaseInstagramClone.debug.xcconfig */,
				81570931BF3541BD4ECBD168 /* Pods-FirebaseInstagramClone.release.xcconfig */,
			);
			path = Pods;
			sourceTree = "<group>";
		};
/* End PBXGroup section */

/* Begin PBXNativeTarget section */
		699EBA3C2AA5D12E00686D08 /* FirebaseInstagramClone */ = {
			isa = PBXNativeTarget;
			buildConfigurationList = 699EBA512AA5D13100686D08 /* Build configuration list for PBXNativeTarget "FirebaseInstagramClone" */;
			buildPhases = (
				E5CAEB4B30818C873DE06B0E /* [CP] Check Pods Manifest.lock */,
				699EBA392AA5D12E00686D08 /* Sources */,
				699EBA3A2AA5D12E00686D08 /* Frameworks */,
				699EBA3B2AA5D12E00686D08 /* Resources */,
				1A22B439C7397C25A3E420C7 /* [CP] Embed Pods Frameworks */,
			);
			buildRules = (
			);
			dependencies = (
			);
			name = FirebaseInstagramClone;
			productName = FirebaseInstagramClone;
			productReference = 699EBA3D2AA5D12E00686D08 /* FirebaseInstagramClone.app */;
			productType = "com.apple.product-type.application";
		};
/* End PBXNativeTarget section */

/* Begin PBXProject section */
		699EBA352AA5D12E00686D08 /* Project object */ = {
			isa = PBXProject;
			attributes = {
				BuildIndependentTargetsInParallel = 1;
				LastSwiftUpdateCheck = 1430;
				LastUpgradeCheck = 1430;
				TargetAttributes = {
					699EBA3C2AA5D12E00686D08 = {
						CreatedOnToolsVersion = 14.3.1;
					};
				};
			};
			buildConfigurationList = 699EBA382AA5D12E00686D08 /* Build configuration list for PBXProject "FirebaseInstagramClone" */;
			compatibilityVersion = "Xcode 13.0";
			developmentRegion = en;
			hasScannedForEncodings = 0;
			knownRegions = (
				en,
				Base,
			);
			mainGroup = 699EBA342AA5D12E00686D08;
			productRefGroup = 699EBA3E2AA5D12E00686D08 /* Products */;
			projectDirPath = "";
			projectRoot = "";
			targets = (
				699EBA3C2AA5D12E00686D08 /* FirebaseInstagramClone */,
			);
		};
/* End PBXProject section */

/* Begin PBXResourcesBuildPhase section */
		699EBA3B2AA5D12E00686D08 /* Resources */ = {
			isa = PBXResourcesBuildPhase;
			buildActionMask = 2147483647;
			files = (
				699EBA4D2AA5D13100686D08 /* LaunchScreen.storyboard in Resources */,
				699EBA572AA5D42000686D08 /* GoogleService-Info.plist in Resources */,
				699EBA4A2AA5D13100686D08 /* Assets.xcassets in Resources */,
				699EBA482AA5D12E00686D08 /* Main.storyboard in Resources */,
			);
			runOnlyForDeploymentPostprocessing = 0;
		};
/* End PBXResourcesBuildPhase section */

/* Begin PBXShellScriptBuildPhase section */
		1A22B439C7397C25A3E420C7 /* [CP] Embed Pods Frameworks */ = {
			isa = PBXShellScriptBuildPhase;
			buildActionMask = 2147483647;
			files = (
			);
			inputFileListPaths = (
				"${PODS_ROOT}/Target Support Files/Pods-FirebaseInstagramClone/Pods-FirebaseInstagramClone-frameworks-${CONFIGURATION}-input-files.xcfilelist",
			);
			name = "[CP] Embed Pods Frameworks";
			outputFileListPaths = (
				"${PODS_ROOT}/Target Support Files/Pods-FirebaseInstagramClone/Pods-FirebaseInstagramClone-frameworks-${CONFIGURATION}-output-files.xcfilelist",
			);
			runOnlyForDeploymentPostprocessing = 0;
			shellPath = /bin/sh;
			shellScript = "\"${PODS_ROOT}/Target Support Files/Pods-FirebaseInstagramClone/Pods-FirebaseInstagramClone-frameworks.sh\"\n";
			showEnvVarsInLog = 0;
		};
		E5CAEB4B30818C873DE06B0E /* [CP] Check Pods Manifest.lock */ = {
			isa = PBXShellScriptBuildPhase;
			buildActionMask = 2147483647;
			files = (
			);
			inputFileListPaths = (
			);
			inputPaths = (
				"${PODS_PODFILE_DIR_PATH}/Podfile.lock",
				"${PODS_ROOT}/Manifest.lock",
			);
			name = "[CP] Check Pods Manifest.lock";
			outputFileListPaths = (
			);
			outputPaths = (
				"$(DERIVED_FILE_DIR)/Pods-FirebaseInstagramClone-checkManifestLockResult.txt",
			);
			runOnlyForDeploymentPostprocessing = 0;
			shellPath = /bin/sh;
			shellScript = "diff \"${PODS_PODFILE_DIR_PATH}/Podfile.lock\" \"${PODS_ROOT}/Manifest.lock\" > /dev/null\nif [ $? != 0 ] ; then\n    # print error to STDERR\n    echo \"error: The sandbox is not in sync with the Podfile.lock. Run 'pod install' or update your CocoaPods installation.\" >&2\n    exit 1\nfi\n# This output is used by Xcode 'outputs' to avoid re-running this script phase.\necho \"SUCCESS\" > \"${SCRIPT_OUTPUT_FILE_0}\"\n";
			showEnvVarsInLog = 0;
		};
/* End PBXShellScriptBuildPhase section */

/* Begin PBXSourcesBuildPhase section */
		699EBA392AA5D12E00686D08 /* Sources */ = {
			isa = PBXSourcesBuildPhase;
			buildActionMask = 2147483647;
			files = (
				699EBA452AA5D12E00686D08 /* ViewController.swift in Sources */,
				699EBA5B2AA5ED1000686D08 /* UploadViewController.swift in Sources */,
				699EBA412AA5D12E00686D08 /* AppDelegate.swift in Sources */,
				699EBA592AA5ECE800686D08 /* FeedViewController.swift in Sources */,
				699EBA432AA5D12E00686D08 /* SceneDelegate.swift in Sources */,
				699EBA5D2AA5ED3C00686D08 /* SettingsViewController.swift in Sources */,
			);
			runOnlyForDeploymentPostprocessing = 0;
		};
/* End PBXSourcesBuildPhase section */

/* Begin PBXVariantGroup section */
		699EBA462AA5D12E00686D08 /* Main.storyboard */ = {
			isa = PBXVariantGroup;
			children = (
				699EBA472AA5D12E00686D08 /* Base */,
			);
			name = Main.storyboard;
			sourceTree = "<group>";
		};
		699EBA4B2AA5D13100686D08 /* LaunchScreen.storyboard */ = {
			isa = PBXVariantGroup;
			children = (
				699EBA4C2AA5D13100686D08 /* Base */,
			);
			name = LaunchScreen.storyboard;
			sourceTree = "<group>";
		};
/* End PBXVariantGroup section */

/* Begin XCBuildConfiguration section */
		699EBA4F2AA5D13100686D08 /* Debug */ = {
			isa = XCBuildConfiguration;
			buildSettings = {
				ALWAYS_SEARCH_USER_PATHS = NO;
				CLANG_ANALYZER_NONNULL = YES;
				CLANG_ANALYZER_NUMBER_OBJECT_CONVERSION = YES_AGGRESSIVE;
				CLANG_CXX_LANGUAGE_STANDARD = "gnu++20";
				CLANG_ENABLE_MODULES = YES;
				CLANG_ENABLE_OBJC_ARC = YES;
				CLANG_ENABLE_OBJC_WEAK = YES;
				CLANG_WARN_BLOCK_CAPTURE_AUTORELEASING = YES;
				CLANG_WARN_BOOL_CONVERSION = YES;
				CLANG_WARN_COMMA = YES;
				CLANG_WARN_CONSTANT_CONVERSION = YES;
				CLANG_WARN_DEPRECATED_OBJC_IMPLEMENTATIONS = YES;
				CLANG_WARN_DIRECT_OBJC_ISA_USAGE = YES_ERROR;
				CLANG_WARN_DOCUMENTATION_COMMENTS = YES;
				CLANG_WARN_EMPTY_BODY = YES;
				CLANG_WARN_ENUM_CONVERSION = YES;
				CLANG_WARN_INFINITE_RECURSION = YES;
				CLANG_WARN_INT_CONVERSION = YES;
				CLANG_WARN_NON_LITERAL_NULL_CONVERSION = YES;
				CLANG_WARN_OBJC_IMPLICIT_RETAIN_SELF = YES;
				CLANG_WARN_OBJC_LITERAL_CONVERSION = YES;
				CLANG_WARN_OBJC_ROOT_CLASS = YES_ERROR;
				CLANG_WARN_QUOTED_INCLUDE_IN_FRAMEWORK_HEADER = YES;
				CLANG_WARN_RANGE_LOOP_ANALYSIS = YES;
				CLANG_WARN_STRICT_PROTOTYPES = YES;
				CLANG_WARN_SUSPICIOUS_MOVE = YES;
				CLANG_WARN_UNGUARDED_AVAILABILITY = YES_AGGRESSIVE;
				CLANG_WARN_UNREACHABLE_CODE = YES;
				CLANG_WARN__DUPLICATE_METHOD_MATCH = YES;
				COPY_PHASE_STRIP = NO;
				DEBUG_INFORMATION_FORMAT = dwarf;
				ENABLE_STRICT_OBJC_MSGSEND = YES;
				ENABLE_TESTABILITY = YES;
				GCC_C_LANGUAGE_STANDARD = gnu11;
				GCC_DYNAMIC_NO_PIC = NO;
				GCC_NO_COMMON_BLOCKS = YES;
				GCC_OPTIMIZATION_LEVEL = 0;
				GCC_PREPROCESSOR_DEFINITIONS = (
					"DEBUG=1",
					"$(inherited)",
				);
				GCC_WARN_64_TO_32_BIT_CONVERSION = YES;
				GCC_WARN_ABOUT_RETURN_TYPE = YES_ERROR;
				GCC_WARN_UNDECLARED_SELECTOR = YES;
				GCC_WARN_UNINITIALIZED_AUTOS = YES_AGGRESSIVE;
				GCC_WARN_UNUSED_FUNCTION = YES;
				GCC_WARN_UNUSED_VARIABLE = YES;
				IPHONEOS_DEPLOYMENT_TARGET = 16.4;
				MTL_ENABLE_DEBUG_INFO = INCLUDE_SOURCE;
				MTL_FAST_MATH = YES;
				ONLY_ACTIVE_ARCH = YES;
				SDKROOT = iphoneos;
				SWIFT_ACTIVE_COMPILATION_CONDITIONS = DEBUG;
				SWIFT_OPTIMIZATION_LEVEL = "-Onone";
			};
			name = Debug;
		};
		699EBA502AA5D13100686D08 /* Release */ = {
			isa = XCBuildConfiguration;
			buildSettings = {
				ALWAYS_SEARCH_USER_PATHS = NO;
				CLANG_ANALYZER_NONNULL = YES;
				CLANG_ANALYZER_NUMBER_OBJECT_CONVERSION = YES_AGGRESSIVE;
				CLANG_CXX_LANGUAGE_STANDARD = "gnu++20";
				CLANG_ENABLE_MODULES = YES;
				CLANG_ENABLE_OBJC_ARC = YES;
				CLANG_ENABLE_OBJC_WEAK = YES;
				CLANG_WARN_BLOCK_CAPTURE_AUTORELEASING = YES;
				CLANG_WARN_BOOL_CONVERSION = YES;
				CLANG_WARN_COMMA = YES;
				CLANG_WARN_CONSTANT_CONVERSION = YES;
				CLANG_WARN_DEPRECATED_OBJC_IMPLEMENTATIONS = YES;
				CLANG_WARN_DIRECT_OBJC_ISA_USAGE = YES_ERROR;
				CLANG_WARN_DOCUMENTATION_COMMENTS = YES;
				CLANG_WARN_EMPTY_BODY = YES;
				CLANG_WARN_ENUM_CONVERSION = YES;
				CLANG_WARN_INFINITE_RECURSION = YES;
				CLANG_WARN_INT_CONVERSION = YES;
				CLANG_WARN_NON_LITERAL_NULL_CONVERSION = YES;
				CLANG_WARN_OBJC_IMPLICIT_RETAIN_SELF = YES;
				CLANG_WARN_OBJC_LITERAL_CONVERSION = YES;
				CLANG_WARN_OBJC_ROOT_CLASS = YES_ERROR;
				CLANG_WARN_QUOTED_INCLUDE_IN_FRAMEWORK_HEADER = YES;
				CLANG_WARN_RANGE_LOOP_ANALYSIS = YES;
				CLANG_WARN_STRICT_PROTOTYPES = YES;
				CLANG_WARN_SUSPICIOUS_MOVE = YES;
				CLANG_WARN_UNGUARDED_AVAILABILITY = YES_AGGRESSIVE;
				CLANG_WARN_UNREACHABLE_CODE = YES;
				CLANG_WARN__DUPLICATE_METHOD_MATCH = YES;
				COPY_PHASE_STRIP = NO;
				DEBUG_INFORMATION_FORMAT = "dwarf-with-dsym";
				ENABLE_NS_ASSERTIONS = NO;
				ENABLE_STRICT_OBJC_MSGSEND = YES;
				GCC_C_LANGUAGE_STANDARD = gnu11;
				GCC_NO_COMMON_BLOCKS = YES;
				GCC_WARN_64_TO_32_BIT_CONVERSION = YES;
				GCC_WARN_ABOUT_RETURN_TYPE = YES_ERROR;
				GCC_WARN_UNDECLARED_SELECTOR = YES;
				GCC_WARN_UNINITIALIZED_AUTOS = YES_AGGRESSIVE;
				GCC_WARN_UNUSED_FUNCTION = YES;
				GCC_WARN_UNUSED_VARIABLE = YES;
				IPHONEOS_DEPLOYMENT_TARGET = 16.4;
				MTL_ENABLE_DEBUG_INFO = NO;
				MTL_FAST_MATH = YES;
				SDKROOT = iphoneos;
				SWIFT_COMPILATION_MODE = wholemodule;
				SWIFT_OPTIMIZATION_LEVEL = "-O";
				VALIDATE_PRODUCT = YES;
			};
			name = Release;
		};
		699EBA522AA5D13100686D08 /* Debug */ = {
			isa = XCBuildConfiguration;
			baseConfigurationReference = 7E6C01F8E672C2672E43996C /* Pods-FirebaseInstagramClone.debug.xcconfig */;
			buildSettings = {
				ASSETCATALOG_COMPILER_APPICON_NAME = AppIcon;
				ASSETCATALOG_COMPILER_GLOBAL_ACCENT_COLOR_NAME = AccentColor;
				CODE_SIGN_STYLE = Automatic;
				CURRENT_PROJECT_VERSION = 1;
				DEVELOPMENT_TEAM = LX3TQB65GJ;
				GENERATE_INFOPLIST_FILE = YES;
				INFOPLIST_FILE = FirebaseInstagramClone/Info.plist;
				INFOPLIST_KEY_UIApplicationSupportsIndirectInputEvents = YES;
				INFOPLIST_KEY_UILaunchStoryboardName = LaunchScreen;
				INFOPLIST_KEY_UIMainStoryboardFile = Main;
				INFOPLIST_KEY_UISupportedInterfaceOrientations_iPad = "UIInterfaceOrientationPortrait UIInterfaceOrientationPortraitUpsideDown UIInterfaceOrientationLandscapeLeft UIInterfaceOrientationLandscapeRight";
				INFOPLIST_KEY_UISupportedInterfaceOrientations_iPhone = "UIInterfaceOrientationPortrait UIInterfaceOrientationLandscapeLeft UIInterfaceOrientationLandscapeRight";
				LD_RUNPATH_SEARCH_PATHS = (
					"$(inherited)",
					"@executable_path/Frameworks",
				);
				MARKETING_VERSION = 1.0;
				PRODUCT_BUNDLE_IDENTIFIER = com.albaylar.FirebaseInstagramClone;
				PRODUCT_NAME = "$(TARGET_NAME)";
				SWIFT_EMIT_LOC_STRINGS = YES;
				SWIFT_VERSION = 5.0;
				TARGETED_DEVICE_FAMILY = "1,2";
			};
			name = Debug;
		};
		699EBA532AA5D13100686D08 /* Release */ = {
			isa = XCBuildConfiguration;
			baseConfigurationReference = 81570931BF3541BD4ECBD168 /* Pods-FirebaseInstagramClone.release.xcconfig */;
			buildSettings = {
				ASSETCATALOG_COMPILER_APPICON_NAME = AppIcon;
				ASSETCATALOG_COMPILER_GLOBAL_ACCENT_COLOR_NAME = AccentColor;
				CODE_SIGN_STYLE = Automatic;
				CURRENT_PROJECT_VERSION = 1;
				DEVELOPMENT_TEAM = LX3TQB65GJ;
				GENERATE_INFOPLIST_FILE = YES;
				INFOPLIST_FILE = FirebaseInstagramClone/Info.plist;
				INFOPLIST_KEY_UIApplicationSupportsIndirectInputEvents = YES;
				INFOPLIST_KEY_UILaunchStoryboardName = LaunchScreen;
				INFOPLIST_KEY_UIMainStoryboardFile = Main;
				INFOPLIST_KEY_UISupportedInterfaceOrientations_iPad = "UIInterfaceOrientationPortrait UIInterfaceOrientationPortraitUpsideDown UIInterfaceOrientationLandscapeLeft UIInterfaceOrientationLandscapeRight";
				INFOPLIST_KEY_UISupportedInterfaceOrientations_iPhone = "UIInterfaceOrientationPortrait UIInterfaceOrientationLandscapeLeft UIInterfaceOrientationLandscapeRight";
				LD_RUNPATH_SEARCH_PATHS = (
					"$(inherited)",
					"@executable_path/Frameworks",
				);
				MARKETING_VERSION = 1.0;
				PRODUCT_BUNDLE_IDENTIFIER = com.albaylar.FirebaseInstagramClone;
				PRODUCT_NAME = "$(TARGET_NAME)";
				SWIFT_EMIT_LOC_STRINGS = YES;
				SWIFT_VERSION = 5.0;
				TARGETED_DEVICE_FAMILY = "1,2";
			};
			name = Release;
		};
/* End XCBuildConfiguration section */

/* Begin XCConfigurationList section */
		699EBA382AA5D12E00686D08 /* Build configuration list for PBXProject "FirebaseInstagramClone" */ = {
			isa = XCConfigurationList;
			buildConfigurations = (
				699EBA4F2AA5D13100686D08 /* Debug */,
				699EBA502AA5D13100686D08 /* Release */,
			);
			defaultConfigurationIsVisible = 0;
			defaultConfigurationName = Release;
		};
		699EBA512AA5D13100686D08 /* Build configuration list for PBXNativeTarget "FirebaseInstagramClone" */ = {
			isa = XCConfigurationList;
			buildConfigurations = (
				699EBA522AA5D13100686D08 /* Debug */,
				699EBA532AA5D13100686D08 /* Release */,
			);
			defaultConfigurationIsVisible = 0;
			defaultConfigurationName = Release;
		};
/* End XCConfigurationList section */
	};
	rootObject = 699EBA352AA5D12E00686D08 /* Project object */;
}
